
Microsoft Visual Studio Solution File, Format Version 12.00
# Visual Studio Version 17
VisualStudioVersion = 17.11.35312.102
MinimumVisualStudioVersion = 10.0.40219.1
Project("{FAE04EC0-301F-11D3-BF4B-00C04F79EFBC}") = "Gere_Csanád_Console", "Gere_Csanád_Console\Gere_Csanád_Console.csproj", "{EA823B1E-15E1-4858-A989-F6241469404D}"
EndProject
Global
	GlobalSection(SolutionConfigurationPlatforms) = preSolution
		Debug|Any CPU = Debug|Any CPU
		Release|Any CPU = Release|Any CPU
	EndGlobalSection
	GlobalSection(ProjectConfigurationPlatforms) = postSolution
		{EA823B1E-15E1-4858-A989-F6241469404D}.Debug|Any CPU.ActiveCfg = Debug|Any CPU
		{EA823B1E-15E1-4858-A989-F6241469404D}.Debug|Any CPU.Build.0 = Debug|Any CPU
		{EA823B1E-15E1-4858-A989-F6241469404D}.Release|Any CPU.ActiveCfg = Release|Any CPU
		{EA823B1E-15E1-4858-A989-F6241469404D}.Release|Any CPU.Build.0 = Release|Any CPU
	EndGlobalSection
	GlobalSection(SolutionProperties) = preSolution
		HideSolutionNode = FALSE
	EndGlobalSection
	GlobalSection(ExtensibilityGlobals) = postSolution
		SolutionGuid = {55417BA4-BDE0-4277-8B0A-FA8D89A19DCB}
	EndGlobalSection
EndGlobal
